// !$*UTF8*$!
{
	archiveVersion = 1;
	classes = {
	};
	objectVersion = 56;
	objects = {

/* Begin PBXBuildFile section */
		0DB50D3C2ACEF11A00E9A151 /* NewsExplorerSwiftUIApp.swift in Sources */ = {isa = PBXBuildFile; fileRef = 0DB50D3B2ACEF11A00E9A151 /* NewsExplorerSwiftUIApp.swift */; };
		0DB50D3E2ACEF11A00E9A151 /* ContentView.swift in Sources */ = {isa = PBXBuildFile; fileRef = 0DB50D3D2ACEF11A00E9A151 /* ContentView.swift */; };
		0DB50D402ACEF11C00E9A151 /* Assets.xcassets in Resources */ = {isa = PBXBuildFile; fileRef = 0DB50D3F2ACEF11C00E9A151 /* Assets.xcassets */; };
		0DB50D432ACEF11C00E9A151 /* Preview Assets.xcassets in Resources */ = {isa = PBXBuildFile; fileRef = 0DB50D422ACEF11C00E9A151 /* Preview Assets.xcassets */; };
		0DB50D4B2AD1EB8000E9A151 /* NavigationRouterProtocol.swift in Sources */ = {isa = PBXBuildFile; fileRef = 0DB50D4A2AD1EB8000E9A151 /* NavigationRouterProtocol.swift */; };
		0DB50D4E2AD1EBAA00E9A151 /* NavigationTransitionStyle.swift in Sources */ = {isa = PBXBuildFile; fileRef = 0DB50D4D2AD1EBAA00E9A151 /* NavigationTransitionStyle.swift */; };
		0DB50D502AD1EBDA00E9A151 /* Coordinator.swift in Sources */ = {isa = PBXBuildFile; fileRef = 0DB50D4F2AD1EBDA00E9A151 /* Coordinator.swift */; };
		0DB50D522AD1EC3F00E9A151 /* MapRouter.swift in Sources */ = {isa = PBXBuildFile; fileRef = 0DB50D512AD1EC3F00E9A151 /* MapRouter.swift */; };
		0DB50D552AD1ECAD00E9A151 /* OnboardingView.swift in Sources */ = {isa = PBXBuildFile; fileRef = 0DB50D542AD1ECAD00E9A151 /* OnboardingView.swift */; };
		0DB50D572AD1ECBE00E9A151 /* NewsView.swift in Sources */ = {isa = PBXBuildFile; fileRef = 0DB50D562AD1ECBE00E9A151 /* NewsView.swift */; };
		0DB50D592AD1ECD800E9A151 /* DescriptionNewsView.swift in Sources */ = {isa = PBXBuildFile; fileRef = 0DB50D582AD1ECD800E9A151 /* DescriptionNewsView.swift */; };
		0DB50D5E2AD1EFFD00E9A151 /* OnboardingModel.swift in Sources */ = {isa = PBXBuildFile; fileRef = 0DB50D5D2AD1EFFD00E9A151 /* OnboardingModel.swift */; };
		0DB50D602AD1F01E00E9A151 /* ImageNameType.swift in Sources */ = {isa = PBXBuildFile; fileRef = 0DB50D5F2AD1F01E00E9A151 /* ImageNameType.swift */; };
		0DB50D652AD1F31B00E9A151 /* ButtonType.swift in Sources */ = {isa = PBXBuildFile; fileRef = 0DB50D642AD1F31B00E9A151 /* ButtonType.swift */; };
		0DB50D672AD1F36800E9A151 /* ColorType.swift in Sources */ = {isa = PBXBuildFile; fileRef = 0DB50D662AD1F36800E9A151 /* ColorType.swift */; };
		0DB50D692AD1F4CD00E9A151 /* AppDelegate.swift in Sources */ = {isa = PBXBuildFile; fileRef = 0DB50D682AD1F4CD00E9A151 /* AppDelegate.swift */; };
		0DB50D6E2AD2861800E9A151 /* OnboardingVM.swift in Sources */ = {isa = PBXBuildFile; fileRef = 0DB50D6D2AD2861700E9A151 /* OnboardingVM.swift */; };
		0DB50D712AD2875E00E9A151 /* OnboardingItemView.swift in Sources */ = {isa = PBXBuildFile; fileRef = 0DB50D702AD2875E00E9A151 /* OnboardingItemView.swift */; };
		0DB50D772AD2880F00E9A151 /* ButtonView.swift in Sources */ = {isa = PBXBuildFile; fileRef = 0DB50D762AD2880F00E9A151 /* ButtonView.swift */; };
		0DB50D7B2AD2885900E9A151 /* ButtonTextModifier.swift in Sources */ = {isa = PBXBuildFile; fileRef = 0DB50D7A2AD2885900E9A151 /* ButtonTextModifier.swift */; };
		0DB50D7D2AD2887800E9A151 /* AppConstats.swift in Sources */ = {isa = PBXBuildFile; fileRef = 0DB50D7C2AD2887800E9A151 /* AppConstats.swift */; };
		0DB50D7F2AD2EBA000E9A151 /* UserDefaultsKeys.swift in Sources */ = {isa = PBXBuildFile; fileRef = 0DB50D7E2AD2EBA000E9A151 /* UserDefaultsKeys.swift */; };
		0DB50D812AD2ECD500E9A151 /* UserNameView.swift in Sources */ = {isa = PBXBuildFile; fileRef = 0DB50D802AD2ECD500E9A151 /* UserNameView.swift */; };
		0DB50D852AD2F11400E9A151 /* View+Extension.swift in Sources */ = {isa = PBXBuildFile; fileRef = 0DB50D842AD2F11400E9A151 /* View+Extension.swift */; };
		0DB50D882AD301B300E9A151 /* TabBarView.swift in Sources */ = {isa = PBXBuildFile; fileRef = 0DB50D872AD301B300E9A151 /* TabBarView.swift */; };
		0DB50D8A2AD301CF00E9A151 /* ProfileView.swift in Sources */ = {isa = PBXBuildFile; fileRef = 0DB50D892AD301CF00E9A151 /* ProfileView.swift */; };
		0DB50D8C2AD3047000E9A151 /* Tab.swift in Sources */ = {isa = PBXBuildFile; fileRef = 0DB50D8B2AD3047000E9A151 /* Tab.swift */; };
/* End PBXBuildFile section */

/* Begin PBXFileReference section */
		0DB50D382ACEF11A00E9A151 /* NewsExplorerSwiftUI.app */ = {isa = PBXFileReference; explicitFileType = wrapper.application; includeInIndex = 0; path = NewsExplorerSwiftUI.app; sourceTree = BUILT_PRODUCTS_DIR; };
		0DB50D3B2ACEF11A00E9A151 /* NewsExplorerSwiftUIApp.swift */ = {isa = PBXFileReference; lastKnownFileType = sourcecode.swift; path = NewsExplorerSwiftUIApp.swift; sourceTree = "<group>"; };
		0DB50D3D2ACEF11A00E9A151 /* ContentView.swift */ = {isa = PBXFileReference; lastKnownFileType = sourcecode.swift; path = ContentView.swift; sourceTree = "<group>"; };
		0DB50D3F2ACEF11C00E9A151 /* Assets.xcassets */ = {isa = PBXFileReference; lastKnownFileType = folder.assetcatalog; path = Assets.xcassets; sourceTree = "<group>"; };
		0DB50D422ACEF11C00E9A151 /* Preview Assets.xcassets */ = {isa = PBXFileReference; lastKnownFileType = folder.assetcatalog; path = "Preview Assets.xcassets"; sourceTree = "<group>"; };
		0DB50D4A2AD1EB8000E9A151 /* NavigationRouterProtocol.swift */ = {isa = PBXFileReference; lastKnownFileType = sourcecode.swift; path = NavigationRouterProtocol.swift; sourceTree = "<group>"; };
		0DB50D4D2AD1EBAA00E9A151 /* NavigationTransitionStyle.swift */ = {isa = PBXFileReference; lastKnownFileType = sourcecode.swift; path = NavigationTransitionStyle.swift; sourceTree = "<group>"; };
		0DB50D4F2AD1EBDA00E9A151 /* Coordinator.swift */ = {isa = PBXFileReference; lastKnownFileType = sourcecode.swift; path = Coordinator.swift; sourceTree = "<group>"; };
		0DB50D512AD1EC3F00E9A151 /* MapRouter.swift */ = {isa = PBXFileReference; lastKnownFileType = sourcecode.swift; path = MapRouter.swift; sourceTree = "<group>"; };
		0DB50D542AD1ECAD00E9A151 /* OnboardingView.swift */ = {isa = PBXFileReference; lastKnownFileType = sourcecode.swift; path = OnboardingView.swift; sourceTree = "<group>"; };
		0DB50D562AD1ECBE00E9A151 /* NewsView.swift */ = {isa = PBXFileReference; lastKnownFileType = sourcecode.swift; path = NewsView.swift; sourceTree = "<group>"; };
		0DB50D582AD1ECD800E9A151 /* DescriptionNewsView.swift */ = {isa = PBXFileReference; lastKnownFileType = sourcecode.swift; path = DescriptionNewsView.swift; sourceTree = "<group>"; };
		0DB50D5D2AD1EFFD00E9A151 /* OnboardingModel.swift */ = {isa = PBXFileReference; lastKnownFileType = sourcecode.swift; path = OnboardingModel.swift; sourceTree = "<group>"; };
		0DB50D5F2AD1F01E00E9A151 /* ImageNameType.swift */ = {isa = PBXFileReference; lastKnownFileType = sourcecode.swift; path = ImageNameType.swift; sourceTree = "<group>"; };
		0DB50D632AD1F2A000E9A151 /* Info.plist */ = {isa = PBXFileReference; lastKnownFileType = text.plist; path = Info.plist; sourceTree = "<group>"; };
		0DB50D642AD1F31B00E9A151 /* ButtonType.swift */ = {isa = PBXFileReference; lastKnownFileType = sourcecode.swift; path = ButtonType.swift; sourceTree = "<group>"; };
		0DB50D662AD1F36800E9A151 /* ColorType.swift */ = {isa = PBXFileReference; lastKnownFileType = sourcecode.swift; path = ColorType.swift; sourceTree = "<group>"; };
		0DB50D682AD1F4CD00E9A151 /* AppDelegate.swift */ = {isa = PBXFileReference; lastKnownFileType = sourcecode.swift; path = AppDelegate.swift; sourceTree = "<group>"; };
		0DB50D6D2AD2861700E9A151 /* OnboardingVM.swift */ = {isa = PBXFileReference; lastKnownFileType = sourcecode.swift; path = OnboardingVM.swift; sourceTree = "<group>"; };
		0DB50D702AD2875E00E9A151 /* OnboardingItemView.swift */ = {isa = PBXFileReference; lastKnownFileType = sourcecode.swift; path = OnboardingItemView.swift; sourceTree = "<group>"; };
		0DB50D762AD2880F00E9A151 /* ButtonView.swift */ = {isa = PBXFileReference; lastKnownFileType = sourcecode.swift; path = ButtonView.swift; sourceTree = "<group>"; };
		0DB50D7A2AD2885900E9A151 /* ButtonTextModifier.swift */ = {isa = PBXFileReference; lastKnownFileType = sourcecode.swift; path = ButtonTextModifier.swift; sourceTree = "<group>"; };
		0DB50D7C2AD2887800E9A151 /* AppConstats.swift */ = {isa = PBXFileReference; lastKnownFileType = sourcecode.swift; path = AppConstats.swift; sourceTree = "<group>"; };
		0DB50D7E2AD2EBA000E9A151 /* UserDefaultsKeys.swift */ = {isa = PBXFileReference; lastKnownFileType = sourcecode.swift; path = UserDefaultsKeys.swift; sourceTree = "<group>"; };
		0DB50D802AD2ECD500E9A151 /* UserNameView.swift */ = {isa = PBXFileReference; lastKnownFileType = sourcecode.swift; path = UserNameView.swift; sourceTree = "<group>"; };
		0DB50D842AD2F11400E9A151 /* View+Extension.swift */ = {isa = PBXFileReference; lastKnownFileType = sourcecode.swift; path = "View+Extension.swift"; sourceTree = "<group>"; };
		0DB50D872AD301B300E9A151 /* TabBarView.swift */ = {isa = PBXFileReference; lastKnownFileType = sourcecode.swift; path = TabBarView.swift; sourceTree = "<group>"; };
		0DB50D892AD301CF00E9A151 /* ProfileView.swift */ = {isa = PBXFileReference; lastKnownFileType = sourcecode.swift; path = ProfileView.swift; sourceTree = "<group>"; };
		0DB50D8B2AD3047000E9A151 /* Tab.swift */ = {isa = PBXFileReference; lastKnownFileType = sourcecode.swift; path = Tab.swift; sourceTree = "<group>"; };
/* End PBXFileReference section */

/* Begin PBXFrameworksBuildPhase section */
		0DB50D352ACEF11A00E9A151 /* Frameworks */ = {
			isa = PBXFrameworksBuildPhase;
			buildActionMask = 2147483647;
			files = (
			);
			runOnlyForDeploymentPostprocessing = 0;
		};
/* End PBXFrameworksBuildPhase section */

/* Begin PBXGroup section */
		0DB50D2F2ACEF11A00E9A151 = {
			isa = PBXGroup;
			children = (
				0DB50D3A2ACEF11A00E9A151 /* NewsExplorerSwiftUI */,
				0DB50D392ACEF11A00E9A151 /* Products */,
			);
			sourceTree = "<group>";
		};
		0DB50D392ACEF11A00E9A151 /* Products */ = {
			isa = PBXGroup;
			children = (
				0DB50D382ACEF11A00E9A151 /* NewsExplorerSwiftUI.app */,
			);
			name = Products;
			sourceTree = "<group>";
		};
		0DB50D3A2ACEF11A00E9A151 /* NewsExplorerSwiftUI */ = {
			isa = PBXGroup;
			children = (
				0DB50D792AD2884E00E9A151 /* Helpers */,
				0DB50D6F2AD2874D00E9A151 /* Views */,
				0DB50D632AD1F2A000E9A151 /* Info.plist */,
				0DB50D5C2AD1EFEA00E9A151 /* Models */,
				0DB50D532AD1EC9000E9A151 /* Screens */,
				0DB50D4C2AD1EB9700E9A151 /* Utilities */,
				0DB50D492AD1EB6A00E9A151 /* Coordinator */,
				0DB50D3B2ACEF11A00E9A151 /* NewsExplorerSwiftUIApp.swift */,
				0DB50D3D2ACEF11A00E9A151 /* ContentView.swift */,
				0DB50D3F2ACEF11C00E9A151 /* Assets.xcassets */,
				0DB50D412ACEF11C00E9A151 /* Preview Content */,
				0DB50D682AD1F4CD00E9A151 /* AppDelegate.swift */,
			);
			path = NewsExplorerSwiftUI;
			sourceTree = "<group>";
		};
		0DB50D412ACEF11C00E9A151 /* Preview Content */ = {
			isa = PBXGroup;
			children = (
				0DB50D422ACEF11C00E9A151 /* Preview Assets.xcassets */,
			);
			path = "Preview Content";
			sourceTree = "<group>";
		};
		0DB50D492AD1EB6A00E9A151 /* Coordinator */ = {
			isa = PBXGroup;
			children = (
				0DB50D4A2AD1EB8000E9A151 /* NavigationRouterProtocol.swift */,
				0DB50D4F2AD1EBDA00E9A151 /* Coordinator.swift */,
				0DB50D512AD1EC3F00E9A151 /* MapRouter.swift */,
			);
			path = Coordinator;
			sourceTree = "<group>";
		};
		0DB50D4C2AD1EB9700E9A151 /* Utilities */ = {
			isa = PBXGroup;
			children = (
				0DB50D4D2AD1EBAA00E9A151 /* NavigationTransitionStyle.swift */,
				0DB50D5F2AD1F01E00E9A151 /* ImageNameType.swift */,
				0DB50D642AD1F31B00E9A151 /* ButtonType.swift */,
				0DB50D662AD1F36800E9A151 /* ColorType.swift */,
				0DB50D7C2AD2887800E9A151 /* AppConstats.swift */,
				0DB50D7E2AD2EBA000E9A151 /* UserDefaultsKeys.swift */,
				0DB50D8B2AD3047000E9A151 /* Tab.swift */,
			);
			path = Utilities;
			sourceTree = "<group>";
		};
		0DB50D532AD1EC9000E9A151 /* Screens */ = {
			isa = PBXGroup;
			children = (
				0DB50D6C2AD285FB00E9A151 /* Onboarding */,
				0DB50D562AD1ECBE00E9A151 /* NewsView.swift */,
				0DB50D582AD1ECD800E9A151 /* DescriptionNewsView.swift */,
				0DB50D862AD2FE3300E9A151 /* UserName */,
				0DB50D872AD301B300E9A151 /* TabBarView.swift */,
				0DB50D892AD301CF00E9A151 /* ProfileView.swift */,
			);
			path = Screens;
			sourceTree = "<group>";
		};
		0DB50D5C2AD1EFEA00E9A151 /* Models */ = {
			isa = PBXGroup;
			children = (
				0DB50D5D2AD1EFFD00E9A151 /* OnboardingModel.swift */,
			);
			path = Models;
			sourceTree = "<group>";
		};
		0DB50D6C2AD285FB00E9A151 /* Onboarding */ = {
			isa = PBXGroup;
			children = (
				0DB50D542AD1ECAD00E9A151 /* OnboardingView.swift */,
				0DB50D6D2AD2861700E9A151 /* OnboardingVM.swift */,
			);
			path = Onboarding;
			sourceTree = "<group>";
		};
		0DB50D6F2AD2874D00E9A151 /* Views */ = {
			isa = PBXGroup;
			children = (
				0DB50D702AD2875E00E9A151 /* OnboardingItemView.swift */,
				0DB50D762AD2880F00E9A151 /* ButtonView.swift */,
			);
			path = Views;
			sourceTree = "<group>";
		};
		0DB50D782AD2884200E9A151 /* Modifiers */ = {
			isa = PBXGroup;
			children = (
				0DB50D7A2AD2885900E9A151 /* ButtonTextModifier.swift */,
			);
			path = Modifiers;
			sourceTree = "<group>";
		};
		0DB50D792AD2884E00E9A151 /* Helpers */ = {
			isa = PBXGroup;
			children = (
				0DB50D822AD2F0E800E9A151 /* Extensions */,
				0DB50D782AD2884200E9A151 /* Modifiers */,
			);
			path = Helpers;
			sourceTree = "<group>";
		};
		0DB50D822AD2F0E800E9A151 /* Extensions */ = {
			isa = PBXGroup;
			children = (
				0DB50D832AD2F0F300E9A151 /* SwiftUI */,
			);
			path = Extensions;
			sourceTree = "<group>";
		};
		0DB50D832AD2F0F300E9A151 /* SwiftUI */ = {
			isa = PBXGroup;
			children = (
				0DB50D842AD2F11400E9A151 /* View+Extension.swift */,
			);
			path = SwiftUI;
			sourceTree = "<group>";
		};
		0DB50D862AD2FE3300E9A151 /* UserName */ = {
			isa = PBXGroup;
			children = (
				0DB50D802AD2ECD500E9A151 /* UserNameView.swift */,
			);
			path = UserName;
			sourceTree = "<group>";
		};
/* End PBXGroup section */

/* Begin PBXNativeTarget section */
		0DB50D372ACEF11A00E9A151 /* NewsExplorerSwiftUI */ = {
			isa = PBXNativeTarget;
			buildConfigurationList = 0DB50D462ACEF11C00E9A151 /* Build configuration list for PBXNativeTarget "NewsExplorerSwiftUI" */;
			buildPhases = (
				0DB50D342ACEF11A00E9A151 /* Sources */,
				0DB50D352ACEF11A00E9A151 /* Frameworks */,
				0DB50D362ACEF11A00E9A151 /* Resources */,
			);
			buildRules = (
			);
			dependencies = (
			);
			name = NewsExplorerSwiftUI;
			productName = NewsExplorerSwiftUI;
			productReference = 0DB50D382ACEF11A00E9A151 /* NewsExplorerSwiftUI.app */;
			productType = "com.apple.product-type.application";
		};
/* End PBXNativeTarget section */

/* Begin PBXProject section */
		0DB50D302ACEF11A00E9A151 /* Project object */ = {
			isa = PBXProject;
			attributes = {
				BuildIndependentTargetsInParallel = 1;
				LastSwiftUpdateCheck = 1500;
				LastUpgradeCheck = 1500;
				TargetAttributes = {
					0DB50D372ACEF11A00E9A151 = {
						CreatedOnToolsVersion = 15.0;
					};
				};
			};
			buildConfigurationList = 0DB50D332ACEF11A00E9A151 /* Build configuration list for PBXProject "NewsExplorerSwiftUI" */;
			compatibilityVersion = "Xcode 14.0";
			developmentRegion = en;
			hasScannedForEncodings = 0;
			knownRegions = (
				en,
				Base,
			);
			mainGroup = 0DB50D2F2ACEF11A00E9A151;
			productRefGroup = 0DB50D392ACEF11A00E9A151 /* Products */;
			projectDirPath = "";
			projectRoot = "";
			targets = (
				0DB50D372ACEF11A00E9A151 /* NewsExplorerSwiftUI */,
			);
		};
/* End PBXProject section */

/* Begin PBXResourcesBuildPhase section */
		0DB50D362ACEF11A00E9A151 /* Resources */ = {
			isa = PBXResourcesBuildPhase;
			buildActionMask = 2147483647;
			files = (
				0DB50D432ACEF11C00E9A151 /* Preview Assets.xcassets in Resources */,
				0DB50D402ACEF11C00E9A151 /* Assets.xcassets in Resources */,
			);
			runOnlyForDeploymentPostprocessing = 0;
		};
/* End PBXResourcesBuildPhase section */

/* Begin PBXSourcesBuildPhase section */
		0DB50D342ACEF11A00E9A151 /* Sources */ = {
			isa = PBXSourcesBuildPhase;
			buildActionMask = 2147483647;
			files = (
				0DB50D712AD2875E00E9A151 /* OnboardingItemView.swift in Sources */,
				0DB50D602AD1F01E00E9A151 /* ImageNameType.swift in Sources */,
				0DB50D672AD1F36800E9A151 /* ColorType.swift in Sources */,
				0DB50D7B2AD2885900E9A151 /* ButtonTextModifier.swift in Sources */,
				0DB50D652AD1F31B00E9A151 /* ButtonType.swift in Sources */,
				0DB50D3E2ACEF11A00E9A151 /* ContentView.swift in Sources */,
				0DB50D812AD2ECD500E9A151 /* UserNameView.swift in Sources */,
				0DB50D8C2AD3047000E9A151 /* Tab.swift in Sources */,
				0DB50D692AD1F4CD00E9A151 /* AppDelegate.swift in Sources */,
				0DB50D572AD1ECBE00E9A151 /* NewsView.swift in Sources */,
				0DB50D6E2AD2861800E9A151 /* OnboardingVM.swift in Sources */,
				0DB50D4B2AD1EB8000E9A151 /* NavigationRouterProtocol.swift in Sources */,
				0DB50D7D2AD2887800E9A151 /* AppConstats.swift in Sources */,
				0DB50D5E2AD1EFFD00E9A151 /* OnboardingModel.swift in Sources */,
				0DB50D7F2AD2EBA000E9A151 /* UserDefaultsKeys.swift in Sources */,
				0DB50D502AD1EBDA00E9A151 /* Coordinator.swift in Sources */,
				0DB50D4E2AD1EBAA00E9A151 /* NavigationTransitionStyle.swift in Sources */,
				0DB50D8A2AD301CF00E9A151 /* ProfileView.swift in Sources */,
				0DB50D592AD1ECD800E9A151 /* DescriptionNewsView.swift in Sources */,
				0DB50D3C2ACEF11A00E9A151 /* NewsExplorerSwiftUIApp.swift in Sources */,
				0DB50D852AD2F11400E9A151 /* View+Extension.swift in Sources */,
				0DB50D882AD301B300E9A151 /* TabBarView.swift in Sources */,
				0DB50D772AD2880F00E9A151 /* ButtonView.swift in Sources */,
				0DB50D522AD1EC3F00E9A151 /* MapRouter.swift in Sources */,
				0DB50D552AD1ECAD00E9A151 /* OnboardingView.swift in Sources */,
			);
			runOnlyForDeploymentPostprocessing = 0;
		};
/* End PBXSourcesBuildPhase section */

/* Begin XCBuildConfiguration section */
		0DB50D442ACEF11C00E9A151 /* Debug */ = {
			isa = XCBuildConfiguration;
			buildSettings = {
				ALWAYS_SEARCH_USER_PATHS = NO;
				ASSETCATALOG_COMPILER_GENERATE_SWIFT_ASSET_SYMBOL_EXTENSIONS = YES;
				CLANG_ANALYZER_NONNULL = YES;
				CLANG_ANALYZER_NUMBER_OBJECT_CONVERSION = YES_AGGRESSIVE;
				CLANG_CXX_LANGUAGE_STANDARD = "gnu++20";
				CLANG_ENABLE_MODULES = YES;
				CLANG_ENABLE_OBJC_ARC = YES;
				CLANG_ENABLE_OBJC_WEAK = YES;
				CLANG_WARN_BLOCK_CAPTURE_AUTORELEASING = YES;
				CLANG_WARN_BOOL_CONVERSION = YES;
				CLANG_WARN_COMMA = YES;
				CLANG_WARN_CONSTANT_CONVERSION = YES;
				CLANG_WARN_DEPRECATED_OBJC_IMPLEMENTATIONS = YES;
				CLANG_WARN_DIRECT_OBJC_ISA_USAGE = YES_ERROR;
				CLANG_WARN_DOCUMENTATION_COMMENTS = YES;
				CLANG_WARN_EMPTY_BODY = YES;
				CLANG_WARN_ENUM_CONVERSION = YES;
				CLANG_WARN_INFINITE_RECURSION = YES;
				CLANG_WARN_INT_CONVERSION = YES;
				CLANG_WARN_NON_LITERAL_NULL_CONVERSION = YES;
				CLANG_WARN_OBJC_IMPLICIT_RETAIN_SELF = YES;
				CLANG_WARN_OBJC_LITERAL_CONVERSION = YES;
				CLANG_WARN_OBJC_ROOT_CLASS = YES_ERROR;
				CLANG_WARN_QUOTED_INCLUDE_IN_FRAMEWORK_HEADER = YES;
				CLANG_WARN_RANGE_LOOP_ANALYSIS = YES;
				CLANG_WARN_STRICT_PROTOTYPES = YES;
				CLANG_WARN_SUSPICIOUS_MOVE = YES;
				CLANG_WARN_UNGUARDED_AVAILABILITY = YES_AGGRESSIVE;
				CLANG_WARN_UNREACHABLE_CODE = YES;
				CLANG_WARN__DUPLICATE_METHOD_MATCH = YES;
				COPY_PHASE_STRIP = NO;
				DEBUG_INFORMATION_FORMAT = dwarf;
				ENABLE_STRICT_OBJC_MSGSEND = YES;
				ENABLE_TESTABILITY = YES;
				ENABLE_USER_SCRIPT_SANDBOXING = YES;
				GCC_C_LANGUAGE_STANDARD = gnu17;
				GCC_DYNAMIC_NO_PIC = NO;
				GCC_NO_COMMON_BLOCKS = YES;
				GCC_OPTIMIZATION_LEVEL = 0;
				GCC_PREPROCESSOR_DEFINITIONS = (
					"DEBUG=1",
					"$(inherited)",
				);
				GCC_WARN_64_TO_32_BIT_CONVERSION = YES;
				GCC_WARN_ABOUT_RETURN_TYPE = YES_ERROR;
				GCC_WARN_UNDECLARED_SELECTOR = YES;
				GCC_WARN_UNINITIALIZED_AUTOS = YES_AGGRESSIVE;
				GCC_WARN_UNUSED_FUNCTION = YES;
				GCC_WARN_UNUSED_VARIABLE = YES;
				IPHONEOS_DEPLOYMENT_TARGET = 17.0;
				LOCALIZATION_PREFERS_STRING_CATALOGS = YES;
				MTL_ENABLE_DEBUG_INFO = INCLUDE_SOURCE;
				MTL_FAST_MATH = YES;
				ONLY_ACTIVE_ARCH = YES;
				SDKROOT = iphoneos;
				SWIFT_ACTIVE_COMPILATION_CONDITIONS = "DEBUG $(inherited)";
				SWIFT_OPTIMIZATION_LEVEL = "-Onone";
			};
			name = Debug;
		};
		0DB50D452ACEF11C00E9A151 /* Release */ = {
			isa = XCBuildConfiguration;
			buildSettings = {
				ALWAYS_SEARCH_USER_PATHS = NO;
				ASSETCATALOG_COMPILER_GENERATE_SWIFT_ASSET_SYMBOL_EXTENSIONS = YES;
				CLANG_ANALYZER_NONNULL = YES;
				CLANG_ANALYZER_NUMBER_OBJECT_CONVERSION = YES_AGGRESSIVE;
				CLANG_CXX_LANGUAGE_STANDARD = "gnu++20";
				CLANG_ENABLE_MODULES = YES;
				CLANG_ENABLE_OBJC_ARC = YES;
				CLANG_ENABLE_OBJC_WEAK = YES;
				CLANG_WARN_BLOCK_CAPTURE_AUTORELEASING = YES;
				CLANG_WARN_BOOL_CONVERSION = YES;
				CLANG_WARN_COMMA = YES;
				CLANG_WARN_CONSTANT_CONVERSION = YES;
				CLANG_WARN_DEPRECATED_OBJC_IMPLEMENTATIONS = YES;
				CLANG_WARN_DIRECT_OBJC_ISA_USAGE = YES_ERROR;
				CLANG_WARN_DOCUMENTATION_COMMENTS = YES;
				CLANG_WARN_EMPTY_BODY = YES;
				CLANG_WARN_ENUM_CONVERSION = YES;
				CLANG_WARN_INFINITE_RECURSION = YES;
				CLANG_WARN_INT_CONVERSION = YES;
				CLANG_WARN_NON_LITERAL_NULL_CONVERSION = YES;
				CLANG_WARN_OBJC_IMPLICIT_RETAIN_SELF = YES;
				CLANG_WARN_OBJC_LITERAL_CONVERSION = YES;
				CLANG_WARN_OBJC_ROOT_CLASS = YES_ERROR;
				CLANG_WARN_QUOTED_INCLUDE_IN_FRAMEWORK_HEADER = YES;
				CLANG_WARN_RANGE_LOOP_ANALYSIS = YES;
				CLANG_WARN_STRICT_PROTOTYPES = YES;
				CLANG_WARN_SUSPICIOUS_MOVE = YES;
				CLANG_WARN_UNGUARDED_AVAILABILITY = YES_AGGRESSIVE;
				CLANG_WARN_UNREACHABLE_CODE = YES;
				CLANG_WARN__DUPLICATE_METHOD_MATCH = YES;
				COPY_PHASE_STRIP = NO;
				DEBUG_INFORMATION_FORMAT = "dwarf-with-dsym";
				ENABLE_NS_ASSERTIONS = NO;
				ENABLE_STRICT_OBJC_MSGSEND = YES;
				ENABLE_USER_SCRIPT_SANDBOXING = YES;
				GCC_C_LANGUAGE_STANDARD = gnu17;
				GCC_NO_COMMON_BLOCKS = YES;
				GCC_WARN_64_TO_32_BIT_CONVERSION = YES;
				GCC_WARN_ABOUT_RETURN_TYPE = YES_ERROR;
				GCC_WARN_UNDECLARED_SELECTOR = YES;
				GCC_WARN_UNINITIALIZED_AUTOS = YES_AGGRESSIVE;
				GCC_WARN_UNUSED_FUNCTION = YES;
				GCC_WARN_UNUSED_VARIABLE = YES;
				IPHONEOS_DEPLOYMENT_TARGET = 17.0;
				LOCALIZATION_PREFERS_STRING_CATALOGS = YES;
				MTL_ENABLE_DEBUG_INFO = NO;
				MTL_FAST_MATH = YES;
				SDKROOT = iphoneos;
				SWIFT_COMPILATION_MODE = wholemodule;
				VALIDATE_PRODUCT = YES;
			};
			name = Release;
		};
		0DB50D472ACEF11C00E9A151 /* Debug */ = {
			isa = XCBuildConfiguration;
			buildSettings = {
				ASSETCATALOG_COMPILER_APPICON_NAME = AppIcon;
				ASSETCATALOG_COMPILER_GLOBAL_ACCENT_COLOR_NAME = AccentColor;
				CODE_SIGN_STYLE = Automatic;
				CURRENT_PROJECT_VERSION = 1;
				DEVELOPMENT_ASSET_PATHS = "\"NewsExplorerSwiftUI/Preview Content\"";
				DEVELOPMENT_TEAM = 6Z5CWU22LN;
				ENABLE_PREVIEWS = YES;
				GENERATE_INFOPLIST_FILE = YES;
				INFOPLIST_FILE = NewsExplorerSwiftUI/Info.plist;
				INFOPLIST_KEY_CFBundleDisplayName = "Serching News";
				INFOPLIST_KEY_LSApplicationCategoryType = "public.app-category.news";
				INFOPLIST_KEY_UIApplicationSupportsIndirectInputEvents = YES;
				INFOPLIST_KEY_UIStatusBarStyle = "";
				INFOPLIST_KEY_UISupportedInterfaceOrientations = UIInterfaceOrientationPortrait;
				IPHONEOS_DEPLOYMENT_TARGET = 16.0;
				LD_RUNPATH_SEARCH_PATHS = (
					"$(inherited)",
					"@executable_path/Frameworks",
				);
				MARKETING_VERSION = 1.0;
				PRODUCT_BUNDLE_IDENTIFIER = com.markov.NewsExplorerSwiftUI;
				PRODUCT_NAME = "$(TARGET_NAME)";
				SWIFT_EMIT_LOC_STRINGS = YES;
				SWIFT_VERSION = 5.0;
				TARGETED_DEVICE_FAMILY = "1,2";
			};
			name = Debug;
		};
		0DB50D482ACEF11C00E9A151 /* Release */ = {
			isa = XCBuildConfiguration;
			buildSettings = {
				ASSETCATALOG_COMPILER_APPICON_NAME = AppIcon;
				ASSETCATALOG_COMPILER_GLOBAL_ACCENT_COLOR_NAME = AccentColor;
				CODE_SIGN_STYLE = Automatic;
				CURRENT_PROJECT_VERSION = 1;
				DEVELOPMENT_ASSET_PATHS = "\"NewsExplorerSwiftUI/Preview Content\"";
				DEVELOPMENT_TEAM = 6Z5CWU22LN;
				ENABLE_PREVIEWS = YES;
				GENERATE_INFOPLIST_FILE = YES;
				INFOPLIST_FILE = NewsExplorerSwiftUI/Info.plist;
				INFOPLIST_KEY_CFBundleDisplayName = "Serching News";
				INFOPLIST_KEY_LSApplicationCategoryType = "public.app-category.news";
				INFOPLIST_KEY_UIApplicationSupportsIndirectInputEvents = YES;
				INFOPLIST_KEY_UIStatusBarStyle = "";
				INFOPLIST_KEY_UISupportedInterfaceOrientations = UIInterfaceOrientationPortrait;
				IPHONEOS_DEPLOYMENT_TARGET = 16.0;
				LD_RUNPATH_SEARCH_PATHS = (
					"$(inherited)",
					"@executable_path/Frameworks",
				);
				MARKETING_VERSION = 1.0;
				PRODUCT_BUNDLE_IDENTIFIER = com.markov.NewsExplorerSwiftUI;
				PRODUCT_NAME = "$(TARGET_NAME)";
				SWIFT_EMIT_LOC_STRINGS = YES;
				SWIFT_VERSION = 5.0;
				TARGETED_DEVICE_FAMILY = "1,2";
			};
			name = Release;
		};
/* End XCBuildConfiguration section */

/* Begin XCConfigurationList section */
		0DB50D332ACEF11A00E9A151 /* Build configuration list for PBXProject "NewsExplorerSwiftUI" */ = {
			isa = XCConfigurationList;
			buildConfigurations = (
				0DB50D442ACEF11C00E9A151 /* Debug */,
				0DB50D452ACEF11C00E9A151 /* Release */,
			);
			defaultConfigurationIsVisible = 0;
			defaultConfigurationName = Release;
		};
		0DB50D462ACEF11C00E9A151 /* Build configuration list for PBXNativeTarget "NewsExplorerSwiftUI" */ = {
			isa = XCConfigurationList;
			buildConfigurations = (
				0DB50D472ACEF11C00E9A151 /* Debug */,
				0DB50D482ACEF11C00E9A151 /* Release */,
			);
			defaultConfigurationIsVisible = 0;
			defaultConfigurationName = Release;
		};
/* End XCConfigurationList section */
	};
	rootObject = 0DB50D302ACEF11A00E9A151 /* Project object */;
}
